
Microsoft Visual Studio Solution File, Format Version 12.00
# Visual Studio Version 17
VisualStudioVersion = 17.14.36414.22
MinimumVisualStudioVersion = 10.0.40219.1
Project("{FAE04EC0-301F-11D3-BF4B-00C04F79EFBC}") = "ReolmarkedTeam15", "ReolmarkedTeam15\ReolmarkedTeam15.csproj", "{EC71F479-9622-4DA8-921A-D584F8405FFE}"
EndProject
Project("{FAE04EC0-301F-11D3-BF4B-00C04F79EFBC}") = "UnitTest_ReolMarked", "UnitTest_ReolMarked\UnitTest_ReolMarked.csproj", "{AA570595-C675-4462-BBD2-6CFDAF9062EE}"
EndProject
Global
	GlobalSection(SolutionConfigurationPlatforms) = preSolution
		Debug|Any CPU = Debug|Any CPU
		Release|Any CPU = Release|Any CPU
	EndGlobalSection
	GlobalSection(ProjectConfigurationPlatforms) = postSolution
		{EC71F479-9622-4DA8-921A-D584F8405FFE}.Debug|Any CPU.ActiveCfg = Debug|Any CPU
		{EC71F479-9622-4DA8-921A-D584F8405FFE}.Debug|Any CPU.Build.0 = Debug|Any CPU
		{EC71F479-9622-4DA8-921A-D584F8405FFE}.Release|Any CPU.ActiveCfg = Release|Any CPU
		{EC71F479-9622-4DA8-921A-D584F8405FFE}.Release|Any CPU.Build.0 = Release|Any CPU
		{AA570595-C675-4462-BBD2-6CFDAF9062EE}.Debug|Any CPU.ActiveCfg = Debug|Any CPU
		{AA570595-C675-4462-BBD2-6CFDAF9062EE}.Debug|Any CPU.Build.0 = Debug|Any CPU
		{AA570595-C675-4462-BBD2-6CFDAF9062EE}.Release|Any CPU.ActiveCfg = Release|Any CPU
		{AA570595-C675-4462-BBD2-6CFDAF9062EE}.Release|Any CPU.Build.0 = Release|Any CPU
	EndGlobalSection
	GlobalSection(SolutionProperties) = preSolution
		HideSolutionNode = FALSE
	EndGlobalSection
	GlobalSection(ExtensibilityGlobals) = postSolution
		SolutionGuid = {AE2C2374-7914-4698-91C6-0B482DC7A63E}
	EndGlobalSection
EndGlobal
